github.com/BurntSushi/toml v1.6.0 h1:dRaEfpa2VI55EwlIW72hMRHdWouJeRF7TPYhI+AUQjk=
github.com/BurntSushi/toml v1.6.0/go.mod h1:ukJfTF/6rtPPRCnwkur4qwRxa8vTRFBF0uk2lLoLwho=
github.com/coder/websocket v1.8.15 h1:6B2JPeOGlpff2Uz6vOEH1Vzpi0iUz20A+lPVhPHtNUA=
github.com/coder/websocket v1.8.15/go.mod h1:NX3SzP+inril6yawo5CQXx8+fk145lPDC6pumgx0mVg=
github.com/cplieger/atomicfile/v3 v3.0.0 h1:IQI5CN6cG6ZWIwm9r4zjJ7AiqgSJaaV9NuvuGldVvJI=
github.com/cplieger/atomicfile/v3 v3.0.0/go.mod h1:p1o6Tes6zmq8+/d3k/+eN0jvXXco+vt3xCi9v0d5jkI=
github.com/cplieger/envx/v2 v2.0.1 h1:s++DgE8adtWOElrNFRaHield1FNSLJzJqRWLHgRPWLg=
github.com/cplieger/envx/v2 v2.0.1/go.mod h1:kKvTj6k8bxlYS2CtuF/7Go9zIe7qJYpMzckZNk8ucJc=
github.com/cplieger/envx/yamlenv/v2 v2.0.0 h1:YNznn50HfSIJMBWzcAtqPw4SWAyHtjU3zC6dWFDNd+A=
github.com/cplieger/envx/yamlenv/v2 v2.0.0/go.mod h1:5wXZtzDzSl/zu+GPd5b76f5qpBVLW0AdbTFAaDy1aXQ=
github.com/cplieger/httpx/v5 v5.0.2 h1:v7azlVn+Sji3Kti1VANCkF+IGqslqP5C9QjsiZEPVoE=
github.com/cplieger/httpx/v5 v5.0.2/go.mod h1:3ap2CAq592k7smKhe3lWrwklthtmJ6L4cIWMTMM8O10=
github.com/cplieger/jsoncap/v2 v2.0.0 h1:Q/GLv75foxGGhxG8uTmiXgrPAnv5tUiBiFhvcw5+3XU=
github.com/cplieger/jsoncap/v2 v2.0.0/go.mod h1:tE1ti+CmjfXHpgAbjNdlbAe7/tZaxIOmGO5sMPQbtAY=
github.com/cplieger/keyenc v1.0.6 h1:Ac/EoEY8Lgy4ZyTi9I4G4s00RBWGoOlI3RdsjGwHLRo=
github.com/cplieger/keyenc v1.0.6/go.mod h1:9l4QSTuwTtYp2KYeYkvp2PXop12G5MqXeReqCqDlHWY=
github.com/cplieger/pathinside/v2 v2.0.0 h1:UZxSiu3UBCCs+Xe0+Of+oTLyzL+4wchKO2tShGxK8b8=
github.com/cplieger/pathinside/v2 v2.0.0/go.mod h1:XuMYE6rO3te8Yf6Zcy35PLMgDcWaIz3RglJatWPhHnU=
github.com/cplieger/pinstall/v3 v3.0.0 h1:RJDpK1Ju6YXJ62OyfIJg++XNT/mhsd7f4zzh48gCFNE=
github.com/cplieger/pinstall/v3 v3.0.0/go.mod h1:O/kTajRwzx2O33lj3Yfg7rmUdTZEuYl+BvldyexvwP0=
github.com/cplieger/runesafe/v2 v2.0.0 h1:jEkFU2dbDxKLwgHag6l3gbSLpRNfkD8mMsdiCgu56wY=
github.com/cplieger/runesafe/v2 v2.0.0/go.mod h1:X3avIOn44UaASh8QEhXDIKNWA4HLmSAZYWywNwpOYyE=
github.com/cplieger/scheduler/v4 v4.0.2 h1:nioyA1cfEUIXbOzez2ey9o5LfvR/+4odrbUs2b48X7A=
github.com/cplieger/scheduler/v4 v4.0.2/go.mod h1:OZUt7EXSm8c6Ao+YM/CwVPEGrgYsihawSAPqqpTgwbw=
github.com/cplieger/slogx v1.6.3 h1:1W8DxUwovnfbL1wjthdELHhw2gFH1FXaUcG34KjefIw=
github.com/cplieger/slogx v1.6.3/go.mod h1:KW/UCGyMK3grILRvcU4Zloawb27C13cLN5HQ7ZLNS5Q=
github.com/cplieger/ssrf/v4 v4.1.0 h1:7GqcqAEuZcRBMgfGYxcIWaDe2ikqrOMGBHwLve4MTjE=
github.com/cplieger/ssrf/v4 v4.1.0/go.mod h1:Nq8CsFwZcpYNpzDpgqyLV9IRM8XiYTfR1V4Bm93YSFU=
github.com/cplieger/toolbelt/v3 v3.2.2 h1:7C8FiFzJMTxTvWzKvuHlNn9ozTNq7V+KSljKWYZmWcU=
github.com/cplieger/toolbelt/v3 v3.2.2/go.mod h1:f5PUEXW449r3SOctkhXULGxzXyjKHwcxdewUEuJBsJo=
github.com/cplieger/web-terminal-engine/v5 v5.0.8 h1:AxigfzZojXS5kbGyOdyj77xfI1clNkiMYIVnfmjir/U=
github.com/cplieger/web-terminal-engine/v5 v5.0.8/go.mod h1:7HlrjnXQMX42WU1YH7IQwF3C4ndCHMTpOu7isoeb9f8=
github.com/cplieger/webhttp/v2 v2.0.2 h1:55fv7cuiF7GAjQAC1UZv7Jvi6cFCYvpUlKABlf4QKDU=
github.com/cplieger/webhttp/v2 v2.0.2/go.mod h1:63pP3oJEpsk2kEAonLuxjDh6V4IR5bO06N575hvuNag=
github.com/cplieger/wiregen/v3 v3.0.0 h1:xtwG9WVrDs70NHQttToplgVJNMUu4X8rBwnnftFrkbA=
github.com/cplieger/wiregen/v3 v3.0.0/go.mod h1:a9hOV/7se9+CW9j/33bLLuKxzoeamphCr206obm23LQ=
github.com/creack/pty v1.1.24 h1:bJrF4RRfyJnbTJqzRLHzcGaZK1NeM5kTC9jGgovnR1s=
github.com/creack/pty v1.1.24/go.mod h1:08sCNb52WyoAwi2QDyzUCTgcvVFhUzewun7wtTfvcwE=
github.com/evanw/esbuild v0.28.2 h1:A2uETn4jrQTcXaT/shwTDTYBxDjl7fV7nXmUrJxfA2w=
github.com/evanw/esbuild v0.28.2/go.mod h1:D2vIQZqV/vIf/VRHtViaUtViZmG7o+kKmlBfVQuRi48=
github.com/expr-lang/expr v1.17.8 h1:W1loDTT+0PQf5YteHSTpju2qfUfNoBt4yw9+wOEU9VM=
github.com/expr-lang/expr v1.17.8/go.mod h1:8/vRC7+7HBzESEqt5kKpYXxrxkr31SaO8r40VO/1IT4=
github.com/google/go-cmp v0.6.0 h1:ofyhxvXcZhMsU5ulbFiLKl/XBFqE1GSq7atu8tAmTRI=
github.com/google/go-cmp v0.6.0/go.mod h1:17dUlkBOakJ0+DkrSSNjCkIjxS6bF9zb3elmeNGIjoY=
github.com/hashicorp/go-version v1.9.0 h1:CeOIz6k+LoN3qX9Z0tyQrPtiB1DFYRPfCIBtaXPSCnA=
github.com/hashicorp/go-version v1.9.0/go.mod h1:fltr4n8CU8Ke44wwGCBoEymUuxUHl09ZGVZPK5anwXA=
go.yaml.in/yaml/v3 v3.0.5 h1:N6y/pJk8buWs9NY5ERU2HSMfm+IuD/OtfdAnq6kESPw=
go.yaml.in/yaml/v3 v3.0.5/go.mod h1:HVTZu1O7/Vkt2N+BFy8Zza+lnLsABggaTM2ZpNIGuKg=
golang.org/x/mod v0.40.0 h1:hUv+3cXcdRHz08UmSiOob7sadHig73uo5bkXxQ/tvUs=
golang.org/x/mod v0.40.0/go.mod h1:0/weTWkPWGBikyTWAX3dkjVztMmBA5hM0DH6BElSupE=
golang.org/x/sync v0.22.0 h1:SZjpbeLmrCk4xhRSZFNZW5gFUeCeFgjekvI/+gfScek=
golang.org/x/sync v0.22.0/go.mod h1:9xrNwdLfx4jkKbNva9FpL6vEN7evnE43NNNJQ2LF3+0=
golang.org/x/sys v0.0.0-20220715151400-c0bba94af5f8/go.mod h1:oPkhp1MJrh7nUepCBck5+mAzfO9JrbApNNgaTdGDITg=
golang.org/x/sys v0.47.0 h1:o7XGOvZQCADBQQ4Y7VNq2dRWQR7JmOUW8Kxx4ZsNgWs=
golang.org/x/sys v0.47.0/go.mod h1:4GL1E5IUh+htKOUEOaiffhrAeqysfVGipDYzABqnCmw=
golang.org/x/tools v0.49.0 h1:3NI7VXzL9+1WZD52Dx2ttoPwD5DWrFGpl9mFZDlmisI=
golang.org/x/tools v0.49.0/go.mod h1:SJNXV9DBKT0UbdttsQjbfJlAE/q+y36++zo3uL3N0Oo=
pgregory.net/rapid v1.3.0 h1:vBvO0VSqti75J1jjYqpgPNBLKMd1+gxa9fYo7vk/Exc=
pgregory.net/rapid v1.3.0/go.mod h1:dPlE4OBBxgXPqkP79flB6sJL1dx5azpI7HQ9MY9Z7uk=
