github.com/coder/websocket v1.8.15 h1:6B2JPeOGlpff2Uz6vOEH1Vzpi0iUz20A+lPVhPHtNUA=
github.com/coder/websocket v1.8.15/go.mod h1:NX3SzP+inril6yawo5CQXx8+fk145lPDC6pumgx0mVg=
github.com/cplieger/atomicfile/v2 v2.9.1 h1:ffPe0EEDOUuVJCFpYlj6GbyBBQe6B/M2pYAlgXvXreM=
github.com/cplieger/atomicfile/v2 v2.9.1/go.mod h1:nGhc6CiB3BdQtQsKh/E4Trp5kr4wRxcpslZYsc/qBRQ=
github.com/cplieger/envx v1.6.2 h1:WkkfW0X2zThD0CFa8gyRT0fIkBs92aaJAysrv8DTQ7w=
github.com/cplieger/envx v1.6.2/go.mod h1:KDD48+0Z6HDkryyvyijGNzEwPb453psx9NKzVlqp9NU=
github.com/cplieger/envx/yamlenv v1.2.2 h1:esq19+kpbkWzkF8Y6t7M0oq+JwqqbYtqk37miHGp0eY=
github.com/cplieger/envx/yamlenv v1.2.2/go.mod h1:d+ivrhPmc0MCT/69Ez9hSXuWMCDI6xreIbQ4ENcB0vI=
github.com/cplieger/httpx/v4 v4.3.1 h1:XDyP4i0k02B6wvnW4mp0KQ7vM6RIHtzkkP0Gzzu2GVI=
github.com/cplieger/httpx/v4 v4.3.1/go.mod h1:0coefCZ470kiMATdNrU0CY5a4g/W7pFy0433CVZHwWc=
github.com/cplieger/jsonx v1.4.1 h1:UeaV4OCPJXepaQ4uXQsyKS0iSku7WjFfqpC6BTzqX3c=
github.com/cplieger/jsonx v1.4.1/go.mod h1:/SeA9jQwNBd3QsG1McbWkbyO0UyBg1s7SE51/Vm/L7c=
github.com/cplieger/keyenc v1.0.2 h1:1DjKsJOOXOu7Qdhupj7S5Wq6fcrA1moKnBZBrF37XiE=
github.com/cplieger/keyenc v1.0.2/go.mod h1:Q9zMsHPmtkcMvl8PjC2r3YIOoDicMlUcwkEdv+9oK2I=
github.com/cplieger/pathinside v1.0.1 h1:9V47HfttoYR8V0JE24u50KGNujXmnWLVdIiOGawsY3w=
github.com/cplieger/pathinside v1.0.1/go.mod h1:WLX0Ih8PbQmhaKmaUjJ+OhaiggEeIFqSFy9Qs1oDQKo=
github.com/cplieger/pinstall/v2 v2.3.3 h1:6UU6QqsJV24rLlvy35h1EdBKVMfOuJBjyEC4tSAqmHQ=
github.com/cplieger/pinstall/v2 v2.3.3/go.mod h1:xeZYbuwl7qZZtYyvYbaXuL4l+Qnl+CJ5YGEtGL7ppFA=
github.com/cplieger/runesafe v1.4.1 h1:yRlSpbjPVVRHqlWflwx1mXKH4eudbTqbga3/CAZTSsY=
github.com/cplieger/runesafe v1.4.1/go.mod h1:YLZBsc8mkP/AdmRml6BcsHgUeQm6hZZ7YLcjpY91Nzo=
github.com/cplieger/scheduler/v3 v3.0.1 h1:ojSjH+GTpXvJ3WkYCJ8zUenjSGYR7It0aM8o4EZuMbo=
github.com/cplieger/scheduler/v3 v3.0.1/go.mod h1:1oUtp6Fnt35v1VR0QKf1axoTyO/Sq3nLea/CGa8cz14=
github.com/cplieger/slogx v1.6.1 h1:f9C3LeGPD6uxAU096O7ggUcvmon8vFmG6WMkscMI6rU=
github.com/cplieger/slogx v1.6.1/go.mod h1:BMgRBOiufqGP7GRx2iz6wykZ2c9tBk570g9MPs5ejNQ=
github.com/cplieger/ssrf/v3 v3.0.1 h1:rtRD08Li3O5YKineCNHJWeCfPzmygSNRyWDExtawL0w=
github.com/cplieger/ssrf/v3 v3.0.1/go.mod h1:spoZ/AoSyYlf7ha4959OzhvoaWgkSNgCBnvE+GwgkH4=
github.com/cplieger/toolbelt/v2 v2.4.12 h1:YfGGGjXG7N3anT1E+J6XnewcoibC7fXvZIeUoXJq7RM=
github.com/cplieger/toolbelt/v2 v2.4.12/go.mod h1:QxstZYyzVfkXin3MaV5bgPk091x7y6rrloa4QViN324=
github.com/cplieger/web-terminal-engine/v4 v4.0.1 h1:7wLAJ0wcWoDf3MLB2pUJru5j6CBpUfV2sUB4LmPUWKE=
github.com/cplieger/web-terminal-engine/v4 v4.0.1/go.mod h1:1x4HEEHcpNJq3Hem2BC7bqmknWd7BHiwbHc3AC+H8ZI=
github.com/cplieger/webhttp v1.23.1 h1:516SQtv8ARg5MjdqigF8/AXJttWt3LqmKd4rOLXm2bs=
github.com/cplieger/webhttp v1.23.1/go.mod h1:zamKuC9sws/0ql2zKMroo0bCLUCqvNkgJpK2Ot5GwRo=
github.com/cplieger/wiregen/v2 v2.0.6 h1:GzIYDxDDMcbCDrQ6kp/t8zqZgpTxp4fmn0YVJKNSie0=
github.com/cplieger/wiregen/v2 v2.0.6/go.mod h1:4a+9hAOVDz7zzgPt+VVo3kxkVa3Ww3YqfebTEUxbl60=
github.com/creack/pty v1.1.24 h1:bJrF4RRfyJnbTJqzRLHzcGaZK1NeM5kTC9jGgovnR1s=
github.com/creack/pty v1.1.24/go.mod h1:08sCNb52WyoAwi2QDyzUCTgcvVFhUzewun7wtTfvcwE=
github.com/evanw/esbuild v0.28.2 h1:A2uETn4jrQTcXaT/shwTDTYBxDjl7fV7nXmUrJxfA2w=
github.com/evanw/esbuild v0.28.2/go.mod h1:D2vIQZqV/vIf/VRHtViaUtViZmG7o+kKmlBfVQuRi48=
github.com/expr-lang/expr v1.17.8 h1:W1loDTT+0PQf5YteHSTpju2qfUfNoBt4yw9+wOEU9VM=
github.com/expr-lang/expr v1.17.8/go.mod h1:8/vRC7+7HBzESEqt5kKpYXxrxkr31SaO8r40VO/1IT4=
github.com/google/go-cmp v0.6.0 h1:ofyhxvXcZhMsU5ulbFiLKl/XBFqE1GSq7atu8tAmTRI=
github.com/google/go-cmp v0.6.0/go.mod h1:17dUlkBOakJ0+DkrSSNjCkIjxS6bF9zb3elmeNGIjoY=
github.com/hashicorp/go-version v1.9.0 h1:CeOIz6k+LoN3qX9Z0tyQrPtiB1DFYRPfCIBtaXPSCnA=
github.com/hashicorp/go-version v1.9.0/go.mod h1:fltr4n8CU8Ke44wwGCBoEymUuxUHl09ZGVZPK5anwXA=
go.yaml.in/yaml/v3 v3.0.5 h1:N6y/pJk8buWs9NY5ERU2HSMfm+IuD/OtfdAnq6kESPw=
go.yaml.in/yaml/v3 v3.0.5/go.mod h1:HVTZu1O7/Vkt2N+BFy8Zza+lnLsABggaTM2ZpNIGuKg=
golang.org/x/mod v0.40.0 h1:hUv+3cXcdRHz08UmSiOob7sadHig73uo5bkXxQ/tvUs=
golang.org/x/mod v0.40.0/go.mod h1:0/weTWkPWGBikyTWAX3dkjVztMmBA5hM0DH6BElSupE=
golang.org/x/sync v0.22.0 h1:SZjpbeLmrCk4xhRSZFNZW5gFUeCeFgjekvI/+gfScek=
golang.org/x/sync v0.22.0/go.mod h1:9xrNwdLfx4jkKbNva9FpL6vEN7evnE43NNNJQ2LF3+0=
golang.org/x/sys v0.0.0-20220715151400-c0bba94af5f8/go.mod h1:oPkhp1MJrh7nUepCBck5+mAzfO9JrbApNNgaTdGDITg=
golang.org/x/sys v0.47.0 h1:o7XGOvZQCADBQQ4Y7VNq2dRWQR7JmOUW8Kxx4ZsNgWs=
golang.org/x/sys v0.47.0/go.mod h1:4GL1E5IUh+htKOUEOaiffhrAeqysfVGipDYzABqnCmw=
golang.org/x/tools v0.49.0 h1:3NI7VXzL9+1WZD52Dx2ttoPwD5DWrFGpl9mFZDlmisI=
golang.org/x/tools v0.49.0/go.mod h1:SJNXV9DBKT0UbdttsQjbfJlAE/q+y36++zo3uL3N0Oo=
pgregory.net/rapid v1.3.0 h1:vBvO0VSqti75J1jjYqpgPNBLKMd1+gxa9fYo7vk/Exc=
pgregory.net/rapid v1.3.0/go.mod h1:dPlE4OBBxgXPqkP79flB6sJL1dx5azpI7HQ9MY9Z7uk=
