github.com/coder/websocket v1.8.15 h1:6B2JPeOGlpff2Uz6vOEH1Vzpi0iUz20A+lPVhPHtNUA=
github.com/coder/websocket v1.8.15/go.mod h1:NX3SzP+inril6yawo5CQXx8+fk145lPDC6pumgx0mVg=
github.com/cplieger/atomicfile/v2 v2.4.0 h1:+r6l4GupYEze8pfhs+Ocvb7u6iarMLeoNFntKGNXTlQ=
github.com/cplieger/atomicfile/v2 v2.4.0/go.mod h1:jgwJ7oU3qahL4NwiF+1iBIzPRpR8LwXnicSalGoJeVA=
github.com/cplieger/envx v1.4.0 h1:9LoYI8qM2cs5O7eh6vPaO8frTW1kvNNU6hz7GPhOX0g=
github.com/cplieger/envx v1.4.0/go.mod h1:OA7MSc3ChDXYZgIlHkABJZWt5FqUtr66yWBISLUvq20=
github.com/cplieger/envx/yamlenv v1.2.1 h1:EzLTghpO16rFdf9RImru1t2wMR2QNGpRIvQw7M4jSZA=
github.com/cplieger/envx/yamlenv v1.2.1/go.mod h1:Ur9/Rynk/DCB6QkqPpg/DEHCr5GhiAXpTGqinBqGNlI=
github.com/cplieger/httpx/v4 v4.2.1 h1:KrkuZKrOVWD8EoDXW16DJhvN+68Zm+FbSEVtn4ZNvQg=
github.com/cplieger/httpx/v4 v4.2.1/go.mod h1:bfJDGEQRWEwLu6mlwk49PfDIAETABwhlp+DAWFXo8XE=
github.com/cplieger/jsonx v1.3.0 h1:m6rpdqXD2nZ74CguFaFXHmaS+V9Em9YVwsPN/X8FPWo=
github.com/cplieger/jsonx v1.3.0/go.mod h1:6EoDR/SptVUcpEx+YyZcvGym6Je9vBPmhEwG/BwAVv8=
github.com/cplieger/runesafe v1.2.1 h1:OXBQzu0PMGm5pe0Gn8zRl+MAmu9Iss1pLI3160pJBTw=
github.com/cplieger/runesafe v1.2.1/go.mod h1:37oz7JJVn1PIWv5UHrJhDhCabmqhMY+eRavwZ6Lp6NI=
github.com/cplieger/scheduler/v3 v3.0.0 h1:vka8qTY7q6yK6pOQyoi8YXB+4fW59RqUD1XaMNIx0ZU=
github.com/cplieger/scheduler/v3 v3.0.0/go.mod h1:CHPRYuZ+C5HDH0hviAuXHMIOVD9WZyn39HIs0oeFA1k=
github.com/cplieger/slogx v1.4.0 h1:VlT8gYxqrQHxyEd7VKLy+QCmm3Utut3DQ6Y0P09uv3Q=
github.com/cplieger/slogx v1.4.0/go.mod h1:15KA2NVx725imQe/PYXUmd3oM2oMpYpqwU+hdHtz7Fc=
github.com/cplieger/ssrf/v3 v3.0.0 h1:wIrJ6rDkuMvsNqGQ1J25iTnn/xFxLD2fEwOsdiwNrYA=
github.com/cplieger/ssrf/v3 v3.0.0/go.mod h1:887QK6H7IDoYavU5I/0K/0rFRX29bTfP9SeS1x75tls=
github.com/cplieger/toolbelt/v2 v2.2.11 h1:+0jr9gYBvZRwJOvZNf2dlJJfvAFokWOx8ZB0VV7ku5A=
github.com/cplieger/toolbelt/v2 v2.2.11/go.mod h1:d5goOwXTjupNNF5Nqzoul5Y8x+JzMwb6IiMYZR710gM=
github.com/cplieger/web-terminal-engine/v3 v3.2.1 h1:Y7L4DMByt9xuyhn9sJmcDTqS68XRSmTrBUTw+eHmHFk=
github.com/cplieger/web-terminal-engine/v3 v3.2.1/go.mod h1:/nQHCRBznzSKjL7JWAQOZ0a6WL8IZgvbqjZF8GajnOg=
github.com/cplieger/webhttp v1.18.1 h1:LgpYcRSX16Wu/PEFcX0up7d87jmIQvE2WYwgzgjR4Sg=
github.com/cplieger/webhttp v1.18.1/go.mod h1:RYtweYFUohqE5DIOt06Ypr0j9VHXjxSPBLIG3vM0H44=
github.com/cplieger/wiregen/v2 v2.0.0 h1:tu9O0DIwi8zemRdg9VZp/Z2BtF66nLJU8CRc6RLz8Sc=
github.com/cplieger/wiregen/v2 v2.0.0/go.mod h1:h+9oHSsaetH+bHXQtHysBPn/nVHOW4J6JzKXkGpQaBQ=
github.com/creack/pty v1.1.24 h1:bJrF4RRfyJnbTJqzRLHzcGaZK1NeM5kTC9jGgovnR1s=
github.com/creack/pty v1.1.24/go.mod h1:08sCNb52WyoAwi2QDyzUCTgcvVFhUzewun7wtTfvcwE=
github.com/evanw/esbuild v0.28.1 h1:ds+yuRyUaZGx++GR56CrCeuXh8PVhVM4xq8v7PNELFc=
github.com/evanw/esbuild v0.28.1/go.mod h1:D2vIQZqV/vIf/VRHtViaUtViZmG7o+kKmlBfVQuRi48=
github.com/expr-lang/expr v1.17.8 h1:W1loDTT+0PQf5YteHSTpju2qfUfNoBt4yw9+wOEU9VM=
github.com/expr-lang/expr v1.17.8/go.mod h1:8/vRC7+7HBzESEqt5kKpYXxrxkr31SaO8r40VO/1IT4=
github.com/google/go-cmp v0.6.0 h1:ofyhxvXcZhMsU5ulbFiLKl/XBFqE1GSq7atu8tAmTRI=
github.com/google/go-cmp v0.6.0/go.mod h1:17dUlkBOakJ0+DkrSSNjCkIjxS6bF9zb3elmeNGIjoY=
github.com/hashicorp/go-version v1.9.0 h1:CeOIz6k+LoN3qX9Z0tyQrPtiB1DFYRPfCIBtaXPSCnA=
github.com/hashicorp/go-version v1.9.0/go.mod h1:fltr4n8CU8Ke44wwGCBoEymUuxUHl09ZGVZPK5anwXA=
go.yaml.in/yaml/v3 v3.0.5 h1:N6y/pJk8buWs9NY5ERU2HSMfm+IuD/OtfdAnq6kESPw=
go.yaml.in/yaml/v3 v3.0.5/go.mod h1:HVTZu1O7/Vkt2N+BFy8Zza+lnLsABggaTM2ZpNIGuKg=
golang.org/x/mod v0.38.0 h1:MECBjubtXD7yj4HrhIUcywNaGeNVUdfVnxmPajOk4yk=
golang.org/x/mod v0.38.0/go.mod h1:V6Xz0pq8TQ3dGqVQ1FVHuelZpAL0uNhSkk9ogYP3c40=
golang.org/x/sync v0.22.0 h1:SZjpbeLmrCk4xhRSZFNZW5gFUeCeFgjekvI/+gfScek=
golang.org/x/sync v0.22.0/go.mod h1:9xrNwdLfx4jkKbNva9FpL6vEN7evnE43NNNJQ2LF3+0=
golang.org/x/sys v0.0.0-20220715151400-c0bba94af5f8/go.mod h1:oPkhp1MJrh7nUepCBck5+mAzfO9JrbApNNgaTdGDITg=
golang.org/x/sys v0.47.0 h1:o7XGOvZQCADBQQ4Y7VNq2dRWQR7JmOUW8Kxx4ZsNgWs=
golang.org/x/sys v0.47.0/go.mod h1:4GL1E5IUh+htKOUEOaiffhrAeqysfVGipDYzABqnCmw=
golang.org/x/tools v0.48.0 h1:3+hClM1aLL5mjMKm5ovokw9epgRXPuu2tILgismM6RE=
golang.org/x/tools v0.48.0/go.mod h1:08xX0orndb/F7jJxGDicx061tyd5pcMto75YMAXr6lk=
pgregory.net/rapid v1.3.0 h1:vBvO0VSqti75J1jjYqpgPNBLKMd1+gxa9fYo7vk/Exc=
pgregory.net/rapid v1.3.0/go.mod h1:dPlE4OBBxgXPqkP79flB6sJL1dx5azpI7HQ9MY9Z7uk=
